// !$*UTF8*$!
{
	archiveVersion = 1;
	classes = {
	};
	objectVersion = 48;
	objects = {

/* Begin PBXBuildFile section */
		2A6F75D520285933000A3D64 /* AppDelegate.swift in Sources */ = {isa = PBXBuildFile; fileRef = 2A6F75D420285933000A3D64 /* AppDelegate.swift */; };
		2A6F75D720285933000A3D64 /* ViewController.swift in Sources */ = {isa = PBXBuildFile; fileRef = 2A6F75D620285933000A3D64 /* ViewController.swift */; };
		2A6F75DA20285933000A3D64 /* Main.storyboard in Resources */ = {isa = PBXBuildFile; fileRef = 2A6F75D820285933000A3D64 /* Main.storyboard */; };
		2A6F75DD20285934000A3D64 /* UMEPlace.xcdatamodeld in Sources */ = {isa = PBXBuildFile; fileRef = 2A6F75DB20285934000A3D64 /* UMEPlace.xcdatamodeld */; };
		2A6F75DF20285934000A3D64 /* Assets.xcassets in Resources */ = {isa = PBXBuildFile; fileRef = 2A6F75DE20285934000A3D64 /* Assets.xcassets */; };
		2A6F75E220285934000A3D64 /* LaunchScreen.storyboard in Resources */ = {isa = PBXBuildFile; fileRef = 2A6F75E020285934000A3D64 /* LaunchScreen.storyboard */; };
		2A6F75ED20285934000A3D64 /* UMEPlaceTests.swift in Sources */ = {isa = PBXBuildFile; fileRef = 2A6F75EC20285934000A3D64 /* UMEPlaceTests.swift */; };
		2A6F75F820285934000A3D64 /* UMEPlaceUITests.swift in Sources */ = {isa = PBXBuildFile; fileRef = 2A6F75F720285934000A3D64 /* UMEPlaceUITests.swift */; };
/* End PBXBuildFile section */

/* Begin PBXContainerItemProxy section */
		2A6F75E920285934000A3D64 /* PBXContainerItemProxy */ = {
			isa = PBXContainerItemProxy;
			containerPortal = 2A6F75C920285933000A3D64 /* Project object */;
			proxyType = 1;
			remoteGlobalIDString = 2A6F75D020285933000A3D64;
			remoteInfo = UMEPlace;
		};
		2A6F75F420285934000A3D64 /* PBXContainerItemProxy */ = {
			isa = PBXContainerItemProxy;
			containerPortal = 2A6F75C920285933000A3D64 /* Project object */;
			proxyType = 1;
			remoteGlobalIDString = 2A6F75D020285933000A3D64;
			remoteInfo = UMEPlace;
		};
/* End PBXContainerItemProxy section */

/* Begin PBXFileReference section */
		2A6F75D120285933000A3D64 /* UMEPlace.app */ = {isa = PBXFileReference; explicitFileType = wrapper.application; includeInIndex = 0; path = UMEPlace.app; sourceTree = BUILT_PRODUCTS_DIR; };
		2A6F75D420285933000A3D64 /* AppDelegate.swift */ = {isa = PBXFileReference; lastKnownFileType = sourcecode.swift; path = AppDelegate.swift; sourceTree = "<group>"; };
		2A6F75D620285933000A3D64 /* ViewController.swift */ = {isa = PBXFileReference; lastKnownFileType = sourcecode.swift; path = ViewController.swift; sourceTree = "<group>"; };
		2A6F75D920285933000A3D64 /* Base */ = {isa = PBXFileReference; lastKnownFileType = file.storyboard; name = Base; path = Base.lproj/Main.storyboard; sourceTree = "<group>"; };
		2A6F75DC20285934000A3D64 /* UMEPlace.xcdatamodel */ = {isa = PBXFileReference; lastKnownFileType = wrapper.xcdatamodel; path = UMEPlace.xcdatamodel; sourceTree = "<group>"; };
		2A6F75DE20285934000A3D64 /* Assets.xcassets */ = {isa = PBXFileReference; lastKnownFileType = folder.assetcatalog; path = Assets.xcassets; sourceTree = "<group>"; };
		2A6F75E120285934000A3D64 /* Base */ = {isa = PBXFileReference; lastKnownFileType = file.storyboard; name = Base; path = Base.lproj/LaunchScreen.storyboard; sourceTree = "<group>"; };
		2A6F75E320285934000A3D64 /* Info.plist */ = {isa = PBXFileReference; lastKnownFileType = text.plist.xml; path = Info.plist; sourceTree = "<group>"; };
		2A6F75E820285934000A3D64 /* UMEPlaceTests.xctest */ = {isa = PBXFileReference; explicitFileType = wrapper.cfbundle; includeInIndex = 0; path = UMEPlaceTests.xctest; sourceTree = BUILT_PRODUCTS_DIR; };
		2A6F75EC20285934000A3D64 /* UMEPlaceTests.swift */ = {isa = PBXFileReference; lastKnownFileType = sourcecode.swift; path = UMEPlaceTests.swift; sourceTree = "<group>"; };
		2A6F75EE20285934000A3D64 /* Info.plist */ = {isa = PBXFileReference; lastKnownFileType = text.plist.xml; path = Info.plist; sourceTree = "<group>"; };
		2A6F75F320285934000A3D64 /* UMEPlaceUITests.xctest */ = {isa = PBXFileReference; explicitFileType = wrapper.cfbundle; includeInIndex = 0; path = UMEPlaceUITests.xctest; sourceTree = BUILT_PRODUCTS_DIR; };
		2A6F75F720285934000A3D64 /* UMEPlaceUITests.swift */ = {isa = PBXFileReference; lastKnownFileType = sourcecode.swift; path = UMEPlaceUITests.swift; sourceTree = "<group>"; };
		2A6F75F920285934000A3D64 /* Info.plist */ = {isa = PBXFileReference; lastKnownFileType = text.plist.xml; path = Info.plist; sourceTree = "<group>"; };
/* End PBXFileReference section */

/* Begin PBXFrameworksBuildPhase section */
		2A6F75CE20285933000A3D64 /* Frameworks */ = {
			isa = PBXFrameworksBuildPhase;
			buildActionMask = 2147483647;
			files = (
			);
			runOnlyForDeploymentPostprocessing = 0;
		};
		2A6F75E520285934000A3D64 /* Frameworks */ = {
			isa = PBXFrameworksBuildPhase;
			buildActionMask = 2147483647;
			files = (
			);
			runOnlyForDeploymentPostprocessing = 0;
		};
		2A6F75F020285934000A3D64 /* Frameworks */ = {
			isa = PBXFrameworksBuildPhase;
			buildActionMask = 2147483647;
			files = (
			);
			runOnlyForDeploymentPostprocessing = 0;
		};
/* End PBXFrameworksBuildPhase section */

/* Begin PBXGroup section */
		2A6F75C820285933000A3D64 = {
			isa = PBXGroup;
			children = (
				2A6F75D320285933000A3D64 /* UMEPlace */,
				2A6F75EB20285934000A3D64 /* UMEPlaceTests */,
				2A6F75F620285934000A3D64 /* UMEPlaceUITests */,
				2A6F75D220285933000A3D64 /* Products */,
			);
			sourceTree = "<group>";
		};
		2A6F75D220285933000A3D64 /* Products */ = {
			isa = PBXGroup;
			children = (
				2A6F75D120285933000A3D64 /* UMEPlace.app */,
				2A6F75E820285934000A3D64 /* UMEPlaceTests.xctest */,
				2A6F75F320285934000A3D64 /* UMEPlaceUITests.xctest */,
			);
			name = Products;
			sourceTree = "<group>";
		};
		2A6F75D320285933000A3D64 /* UMEPlace */ = {
			isa = PBXGroup;
			children = (
				2A6F75D420285933000A3D64 /* AppDelegate.swift */,
				2A6F75D620285933000A3D64 /* ViewController.swift */,
				2A6F75D820285933000A3D64 /* Main.storyboard */,
				2A6F75DE20285934000A3D64 /* Assets.xcassets */,
				2A6F75E020285934000A3D64 /* LaunchScreen.storyboard */,
				2A6F75E320285934000A3D64 /* Info.plist */,
				2A6F75DB20285934000A3D64 /* UMEPlace.xcdatamodeld */,
			);
			path = UMEPlace;
			sourceTree = "<group>";
		};
		2A6F75EB20285934000A3D64 /* UMEPlaceTests */ = {
			isa = PBXGroup;
			children = (
				2A6F75EC20285934000A3D64 /* UMEPlaceTests.swift */,
				2A6F75EE20285934000A3D64 /* Info.plist */,
			);
			path = UMEPlaceTests;
			sourceTree = "<group>";
		};
		2A6F75F620285934000A3D64 /* UMEPlaceUITests */ = {
			isa = PBXGroup;
			children = (
				2A6F75F720285934000A3D64 /* UMEPlaceUITests.swift */,
				2A6F75F920285934000A3D64 /* Info.plist */,
			);
			path = UMEPlaceUITests;
			sourceTree = "<group>";
		};
/* End PBXGroup section */

/* Begin PBXNativeTarget section */
		2A6F75D020285933000A3D64 /* UMEPlace */ = {
			isa = PBXNativeTarget;
			buildConfigurationList = 2A6F75FC20285934000A3D64 /* Build configuration list for PBXNativeTarget "UMEPlace" */;
			buildPhases = (
				2A6F75CD20285933000A3D64 /* Sources */,
				2A6F75CE20285933000A3D64 /* Frameworks */,
				2A6F75CF20285933000A3D64 /* Resources */,
			);
			buildRules = (
			);
			dependencies = (
			);
			name = UMEPlace;
			productName = UMEPlace;
			productReference = 2A6F75D120285933000A3D64 /* UMEPlace.app */;
			productType = "com.apple.product-type.application";
		};
		2A6F75E720285934000A3D64 /* UMEPlaceTests */ = {
			isa = PBXNativeTarget;
			buildConfigurationList = 2A6F75FF20285934000A3D64 /* Build configuration list for PBXNativeTarget "UMEPlaceTests" */;
			buildPhases = (
				2A6F75E420285934000A3D64 /* Sources */,
				2A6F75E520285934000A3D64 /* Frameworks */,
				2A6F75E620285934000A3D64 /* Resources */,
			);
			buildRules = (
			);
			dependencies = (
				2A6F75EA20285934000A3D64 /* PBXTargetDependency */,
			);
			name = UMEPlaceTests;
			productName = UMEPlaceTests;
			productReference = 2A6F75E820285934000A3D64 /* UMEPlaceTests.xctest */;
			productType = "com.apple.product-type.bundle.unit-test";
		};
		2A6F75F220285934000A3D64 /* UMEPlaceUITests */ = {
			isa = PBXNativeTarget;
			buildConfigurationList = 2A6F760220285934000A3D64 /* Build configuration list for PBXNativeTarget "UMEPlaceUITests" */;
			buildPhases = (
				2A6F75EF20285934000A3D64 /* Sources */,
				2A6F75F020285934000A3D64 /* Frameworks */,
				2A6F75F120285934000A3D64 /* Resources */,
			);
			buildRules = (
			);
			dependencies = (
				2A6F75F520285934000A3D64 /* PBXTargetDependency */,
			);
			name = UMEPlaceUITests;
			productName = UMEPlaceUITests;
			productReference = 2A6F75F320285934000A3D64 /* UMEPlaceUITests.xctest */;
			productType = "com.apple.product-type.bundle.ui-testing";
		};
/* End PBXNativeTarget section */

/* Begin PBXProject section */
		2A6F75C920285933000A3D64 /* Project object */ = {
			isa = PBXProject;
			attributes = {
				LastSwiftUpdateCheck = 0920;
				LastUpgradeCheck = 0920;
				ORGANIZATIONNAME = "Arjay Niones";
				TargetAttributes = {
					2A6F75D020285933000A3D64 = {
						CreatedOnToolsVersion = 9.2;
						ProvisioningStyle = Automatic;
					};
					2A6F75E720285934000A3D64 = {
						CreatedOnToolsVersion = 9.2;
						ProvisioningStyle = Automatic;
						TestTargetID = 2A6F75D020285933000A3D64;
					};
					2A6F75F220285934000A3D64 = {
						CreatedOnToolsVersion = 9.2;
						ProvisioningStyle = Automatic;
						TestTargetID = 2A6F75D020285933000A3D64;
					};
				};
			};
			buildConfigurationList = 2A6F75CC20285933000A3D64 /* Build configuration list for PBXProject "UMEPlace" */;
			compatibilityVersion = "Xcode 8.0";
			developmentRegion = en;
			hasScannedForEncodings = 0;
			knownRegions = (
				en,
				Base,
			);
			mainGroup = 2A6F75C820285933000A3D64;
			productRefGroup = 2A6F75D220285933000A3D64 /* Products */;
			projectDirPath = "";
			projectRoot = "";
			targets = (
				2A6F75D020285933000A3D64 /* UMEPlace */,
				2A6F75E720285934000A3D64 /* UMEPlaceTests */,
				2A6F75F220285934000A3D64 /* UMEPlaceUITests */,
			);
		};
/* End PBXProject section */

/* Begin PBXResourcesBuildPhase section */
		2A6F75CF20285933000A3D64 /* Resources */ = {
			isa = PBXResourcesBuildPhase;
			buildActionMask = 2147483647;
			files = (
				2A6F75E220285934000A3D64 /* LaunchScreen.storyboard in Resources */,
				2A6F75DF20285934000A3D64 /* Assets.xcassets in Resources */,
				2A6F75DA20285933000A3D64 /* Main.storyboard in Resources */,
			);
			runOnlyForDeploymentPostprocessing = 0;
		};
		2A6F75E620285934000A3D64 /* Resources */ = {
			isa = PBXResourcesBuildPhase;
			buildActionMask = 2147483647;
			files = (
			);
			runOnlyForDeploymentPostprocessing = 0;
		};
		2A6F75F120285934000A3D64 /* Resources */ = {
			isa = PBXResourcesBuildPhase;
			buildActionMask = 2147483647;
			files = (
			);
			runOnlyForDeploymentPostprocessing = 0;
		};
/* End PBXResourcesBuildPhase section */

/* Begin PBXSourcesBuildPhase section */
		2A6F75CD20285933000A3D64 /* Sources */ = {
			isa = PBXSourcesBuildPhase;
			buildActionMask = 2147483647;
			files = (
				2A6F75D720285933000A3D64 /* ViewController.swift in Sources */,
				2A6F75D520285933000A3D64 /* AppDelegate.swift in Sources */,
				2A6F75DD20285934000A3D64 /* UMEPlace.xcdatamodeld in Sources */,
			);
			runOnlyForDeploymentPostprocessing = 0;
		};
		2A6F75E420285934000A3D64 /* Sources */ = {
			isa = PBXSourcesBuildPhase;
			buildActionMask = 2147483647;
			files = (
				2A6F75ED20285934000A3D64 /* UMEPlaceTests.swift in Sources */,
			);
			runOnlyForDeploymentPostprocessing = 0;
		};
		2A6F75EF20285934000A3D64 /* Sources */ = {
			isa = PBXSourcesBuildPhase;
			buildActionMask = 2147483647;
			files = (
				2A6F75F820285934000A3D64 /* UMEPlaceUITests.swift in Sources */,
			);
			runOnlyForDeploymentPostprocessing = 0;
		};
/* End PBXSourcesBuildPhase section */

/* Begin PBXTargetDependency section */
		2A6F75EA20285934000A3D64 /* PBXTargetDependency */ = {
			isa = PBXTargetDependency;
			target = 2A6F75D020285933000A3D64 /* UMEPlace */;
			targetProxy = 2A6F75E920285934000A3D64 /* PBXContainerItemProxy */;
		};
		2A6F75F520285934000A3D64 /* PBXTargetDependency */ = {
			isa = PBXTargetDependency;
			target = 2A6F75D020285933000A3D64 /* UMEPlace */;
			targetProxy = 2A6F75F420285934000A3D64 /* PBXContainerItemProxy */;
		};
/* End PBXTargetDependency section */

/* Begin PBXVariantGroup section */
		2A6F75D820285933000A3D64 /* Main.storyboard */ = {
			isa = PBXVariantGroup;
			children = (
				2A6F75D920285933000A3D64 /* Base */,
			);
			name = Main.storyboard;
			sourceTree = "<group>";
		};
		2A6F75E020285934000A3D64 /* LaunchScreen.storyboard */ = {
			isa = PBXVariantGroup;
			children = (
				2A6F75E120285934000A3D64 /* Base */,
			);
			name = LaunchScreen.storyboard;
			sourceTree = "<group>";
		};
/* End PBXVariantGroup section */

/* Begin XCBuildConfiguration section */
		2A6F75FA20285934000A3D64 /* Debug */ = {
			isa = XCBuildConfiguration;
			buildSettings = {
				ALWAYS_SEARCH_USER_PATHS = NO;
				CLANG_ANALYZER_NONNULL = YES;
				CLANG_ANALYZER_NUMBER_OBJECT_CONVERSION = YES_AGGRESSIVE;
				CLANG_CXX_LANGUAGE_STANDARD = "gnu++14";
				CLANG_CXX_LIBRARY = "libc++";
				CLANG_ENABLE_MODULES = YES;
				CLANG_ENABLE_OBJC_ARC = YES;
				CLANG_WARN_BLOCK_CAPTURE_AUTORELEASING = YES;
				CLANG_WARN_BOOL_CONVERSION = YES;
				CLANG_WARN_COMMA = YES;
				CLANG_WARN_CONSTANT_CONVERSION = YES;
				CLANG_WARN_DIRECT_OBJC_ISA_USAGE = YES_ERROR;
				CLANG_WARN_DOCUMENTATION_COMMENTS = YES;
				CLANG_WARN_EMPTY_BODY = YES;
				CLANG_WARN_ENUM_CONVERSION = YES;
				CLANG_WARN_INFINITE_RECURSION = YES;
				CLANG_WARN_INT_CONVERSION = YES;
				CLANG_WARN_NON_LITERAL_NULL_CONVERSION = YES;
				CLANG_WARN_OBJC_LITERAL_CONVERSION = YES;
				CLANG_WARN_OBJC_ROOT_CLASS = YES_ERROR;
				CLANG_WARN_RANGE_LOOP_ANALYSIS = YES;
				CLANG_WARN_STRICT_PROTOTYPES = YES;
				CLANG_WARN_SUSPICIOUS_MOVE = YES;
				CLANG_WARN_UNGUARDED_AVAILABILITY = YES_AGGRESSIVE;
				CLANG_WARN_UNREACHABLE_CODE = YES;
				CLANG_WARN__DUPLICATE_METHOD_MATCH = YES;
				CODE_SIGN_IDENTITY = "iPhone Developer";
				COPY_PHASE_STRIP = NO;
				DEBUG_INFORMATION_FORMAT = dwarf;
				ENABLE_STRICT_OBJC_MSGSEND = YES;
				ENABLE_TESTABILITY = YES;
				GCC_C_LANGUAGE_STANDARD = gnu11;
				GCC_DYNAMIC_NO_PIC = NO;
				GCC_NO_COMMON_BLOCKS = YES;
				GCC_OPTIMIZATION_LEVEL = 0;
				GCC_PREPROCESSOR_DEFINITIONS = (
					"DEBUG=1",
					"$(inherited)",
				);
				GCC_WARN_64_TO_32_BIT_CONVERSION = YES;
				GCC_WARN_ABOUT_RETURN_TYPE = YES_ERROR;
				GCC_WARN_UNDECLARED_SELECTOR = YES;
				GCC_WARN_UNINITIALIZED_AUTOS = YES_AGGRESSIVE;
				GCC_WARN_UNUSED_FUNCTION = YES;
				GCC_WARN_UNUSED_VARIABLE = YES;
				IPHONEOS_DEPLOYMENT_TARGET = 11.2;
				MTL_ENABLE_DEBUG_INFO = YES;
				ONLY_ACTIVE_ARCH = YES;
				SDKROOT = iphoneos;
				SWIFT_ACTIVE_COMPILATION_CONDITIONS = DEBUG;
				SWIFT_OPTIMIZATION_LEVEL = "-Onone";
			};
			name = Debug;
		};
		2A6F75FB20285934000A3D64 /* Release */ = {
			isa = XCBuildConfiguration;
			buildSettings = {
				ALWAYS_SEARCH_USER_PATHS = NO;
				CLANG_ANALYZER_NONNULL = YES;
				CLANG_ANALYZER_NUMBER_OBJECT_CONVERSION = YES_AGGRESSIVE;
				CLANG_CXX_LANGUAGE_STANDARD = "gnu++14";
				CLANG_CXX_LIBRARY = "libc++";
				CLANG_ENABLE_MODULES = YES;
				CLANG_ENABLE_OBJC_ARC = YES;
				CLANG_WARN_BLOCK_CAPTURE_AUTORELEASING = YES;
				CLANG_WARN_BOOL_CONVERSION = YES;
				CLANG_WARN_COMMA = YES;
				CLANG_WARN_CONSTANT_CONVERSION = YES;
				CLANG_WARN_DIRECT_OBJC_ISA_USAGE = YES_ERROR;
				CLANG_WARN_DOCUMENTATION_COMMENTS = YES;
				CLANG_WARN_EMPTY_BODY = YES;
				CLANG_WARN_ENUM_CONVERSION = YES;
				CLANG_WARN_INFINITE_RECURSION = YES;
				CLANG_WARN_INT_CONVERSION = YES;
				CLANG_WARN_NON_LITERAL_NULL_CONVERSION = YES;
				CLANG_WARN_OBJC_LITERAL_CONVERSION = YES;
				CLANG_WARN_OBJC_ROOT_CLASS = YES_ERROR;
				CLANG_WARN_RANGE_LOOP_ANALYSIS = YES;
				CLANG_WARN_STRICT_PROTOTYPES = YES;
				CLANG_WARN_SUSPICIOUS_MOVE = YES;
				CLANG_WARN_UNGUARDED_AVAILABILITY = YES_AGGRESSIVE;
				CLANG_WARN_UNREACHABLE_CODE = YES;
				CLANG_WARN__DUPLICATE_METHOD_MATCH = YES;
				CODE_SIGN_IDENTITY = "iPhone Developer";
				COPY_PHASE_STRIP = NO;
				DEBUG_INFORMATION_FORMAT = "dwarf-with-dsym";
				ENABLE_NS_ASSERTIONS = NO;
				ENABLE_STRICT_OBJC_MSGSEND = YES;
				GCC_C_LANGUAGE_STANDARD = gnu11;
				GCC_NO_COMMON_BLOCKS = YES;
				GCC_WARN_64_TO_32_BIT_CONVERSION = YES;
				GCC_WARN_ABOUT_RETURN_TYPE = YES_ERROR;
				GCC_WARN_UNDECLARED_SELECTOR = YES;
				GCC_WARN_UNINITIALIZED_AUTOS = YES_AGGRESSIVE;
				GCC_WARN_UNUSED_FUNCTION = YES;
				GCC_WARN_UNUSED_VARIABLE = YES;
				IPHONEOS_DEPLOYMENT_TARGET = 11.2;
				MTL_ENABLE_DEBUG_INFO = NO;
				SDKROOT = iphoneos;
				SWIFT_OPTIMIZATION_LEVEL = "-Owholemodule";
				VALIDATE_PRODUCT = YES;
			};
			name = Release;
		};
		2A6F75FD20285934000A3D64 /* Debug */ = {
			isa = XCBuildConfiguration;
			buildSettings = {
				ASSETCATALOG_COMPILER_APPICON_NAME = AppIcon;
				CODE_SIGN_STYLE = Automatic;
				DEVELOPMENT_TEAM = 47A268N754;
				INFOPLIST_FILE = UMEPlace/Info.plist;
				LD_RUNPATH_SEARCH_PATHS = "$(inherited) @executable_path/Frameworks";
				PRODUCT_BUNDLE_IDENTIFIER = NumBusiness.UMEPlace;
				PRODUCT_NAME = "$(TARGET_NAME)";
				SWIFT_VERSION = 4.0;
				TARGETED_DEVICE_FAMILY = "1,2";
			};
			name = Debug;
		};
		2A6F75FE20285934000A3D64 /* Release */ = {
			isa = XCBuildConfiguration;
			buildSettings = {
				ASSETCATALOG_COMPILER_APPICON_NAME = AppIcon;
				CODE_SIGN_STYLE = Automatic;
				DEVELOPMENT_TEAM = 47A268N754;
				INFOPLIST_FILE = UMEPlace/Info.plist;
				LD_RUNPATH_SEARCH_PATHS = "$(inherited) @executable_path/Frameworks";
				PRODUCT_BUNDLE_IDENTIFIER = NumBusiness.UMEPlace;
				PRODUCT_NAME = "$(TARGET_NAME)";
				SWIFT_VERSION = 4.0;
				TARGETED_DEVICE_FAMILY = "1,2";
			};
			name = Release;
		};
		2A6F760020285934000A3D64 /* Debug */ = {
			isa = XCBuildConfiguration;
			buildSettings = {
				ALWAYS_EMBED_SWIFT_STANDARD_LIBRARIES = YES;
				BUNDLE_LOADER = "$(TEST_HOST)";
				CODE_SIGN_STYLE = Automatic;
				DEVELOPMENT_TEAM = 47A268N754;
				INFOPLIST_FILE = UMEPlaceTests/Info.plist;
				LD_RUNPATH_SEARCH_PATHS = "$(inherited) @executable_path/Frameworks @loader_path/Frameworks";
				PRODUCT_BUNDLE_IDENTIFIER = NumBusiness.UMEPlaceTests;
				PRODUCT_NAME = "$(TARGET_NAME)";
				SWIFT_VERSION = 4.0;
				TARGETED_DEVICE_FAMILY = "1,2";
				TEST_HOST = "$(BUILT_PRODUCTS_DIR)/UMEPlace.app/UMEPlace";
			};
			name = Debug;
		};
		2A6F760120285934000A3D64 /* Release */ = {
			isa = XCBuildConfiguration;
			buildSettings = {
				ALWAYS_EMBED_SWIFT_STANDARD_LIBRARIES = YES;
				BUNDLE_LOADER = "$(TEST_HOST)";
				CODE_SIGN_STYLE = Automatic;
				DEVELOPMENT_TEAM = 47A268N754;
				INFOPLIST_FILE = UMEPlaceTests/Info.plist;
				LD_RUNPATH_SEARCH_PATHS = "$(inherited) @executable_path/Frameworks @loader_path/Frameworks";
				PRODUCT_BUNDLE_IDENTIFIER = NumBusiness.UMEPlaceTests;
				PRODUCT_NAME = "$(TARGET_NAME)";
				SWIFT_VERSION = 4.0;
				TARGETED_DEVICE_FAMILY = "1,2";
				TEST_HOST = "$(BUILT_PRODUCTS_DIR)/UMEPlace.app/UMEPlace";
			};
			name = Release;
		};
		2A6F760320285934000A3D64 /* Debug */ = {
			isa = XCBuildConfiguration;
			buildSettings = {
				ALWAYS_EMBED_SWIFT_STANDARD_LIBRARIES = YES;
				CODE_SIGN_STYLE = Automatic;
				DEVELOPMENT_TEAM = 47A268N754;
				INFOPLIST_FILE = UMEPlaceUITests/Info.plist;
				LD_RUNPATH_SEARCH_PATHS = "$(inherited) @executable_path/Frameworks @loader_path/Frameworks";
				PRODUCT_BUNDLE_IDENTIFIER = NumBusiness.UMEPlaceUITests;
				PRODUCT_NAME = "$(TARGET_NAME)";
				SWIFT_VERSION = 4.0;
				TARGETED_DEVICE_FAMILY = "1,2";
				TEST_TARGET_NAME = UMEPlace;
			};
			name = Debug;
		};
		2A6F760420285934000A3D64 /* Release */ = {
			isa = XCBuildConfiguration;
			buildSettings = {
				ALWAYS_EMBED_SWIFT_STANDARD_LIBRARIES = YES;
				CODE_SIGN_STYLE = Automatic;
				DEVELOPMENT_TEAM = 47A268N754;
				INFOPLIST_FILE = UMEPlaceUITests/Info.plist;
				LD_RUNPATH_SEARCH_PATHS = "$(inherited) @executable_path/Frameworks @loader_path/Frameworks";
				PRODUCT_BUNDLE_IDENTIFIER = NumBusiness.UMEPlaceUITests;
				PRODUCT_NAME = "$(TARGET_NAME)";
				SWIFT_VERSION = 4.0;
				TARGETED_DEVICE_FAMILY = "1,2";
				TEST_TARGET_NAME = UMEPlace;
			};
			name = Release;
		};
/* End XCBuildConfiguration section */

/* Begin XCConfigurationList section */
		2A6F75CC20285933000A3D64 /* Build configuration list for PBXProject "UMEPlace" */ = {
			isa = XCConfigurationList;
			buildConfigurations = (
				2A6F75FA20285934000A3D64 /* Debug */,
				2A6F75FB20285934000A3D64 /* Release */,
			);
			defaultConfigurationIsVisible = 0;
			defaultConfigurationName = Release;
		};
		2A6F75FC20285934000A3D64 /* Build configuration list for PBXNativeTarget "UMEPlace" */ = {
			isa = XCConfigurationList;
			buildConfigurations = (
				2A6F75FD20285934000A3D64 /* Debug */,
				2A6F75FE20285934000A3D64 /* Release */,
			);
			defaultConfigurationIsVisible = 0;
			defaultConfigurationName = Release;
		};
		2A6F75FF20285934000A3D64 /* Build configuration list for PBXNativeTarget "UMEPlaceTests" */ = {
			isa = XCConfigurationList;
			buildConfigurations = (
				2A6F760020285934000A3D64 /* Debug */,
				2A6F760120285934000A3D64 /* Release */,
			);
			defaultConfigurationIsVisible = 0;
			defaultConfigurationName = Release;
		};
		2A6F760220285934000A3D64 /* Build configuration list for PBXNativeTarget "UMEPlaceUITests" */ = {
			isa = XCConfigurationList;
			buildConfigurations = (
				2A6F760320285934000A3D64 /* Debug */,
				2A6F760420285934000A3D64 /* Release */,
			);
			defaultConfigurationIsVisible = 0;
			defaultConfigurationName = Release;
		};
/* End XCConfigurationList section */

/* Begin XCVersionGroup section */
		2A6F75DB20285934000A3D64 /* UMEPlace.xcdatamodeld */ = {
			isa = XCVersionGroup;
			children = (
				2A6F75DC20285934000A3D64 /* UMEPlace.xcdatamodel */,
			);
			currentVersion = 2A6F75DC20285934000A3D64 /* UMEPlace.xcdatamodel */;
			path = UMEPlace.xcdatamodeld;
			sourceTree = "<group>";
			versionGroupType = wrapper.xcdatamodel;
		};
/* End XCVersionGroup section */
	};
	rootObject = 2A6F75C920285933000A3D64 /* Project object */;
}
